// !$*UTF8*$!
{
	archiveVersion = 1;
	classes = {
	};
	objectVersion = 55;
	objects = {

/* Begin PBXBuildFile section */
		A2BE9C6B2889F5B600FC2038 /* AppDelegate.swift in Sources */ = {isa = PBXBuildFile; fileRef = A2BE9C6A2889F5B600FC2038 /* AppDelegate.swift */; };
		A2BE9C6D2889F5B600FC2038 /* SceneDelegate.swift in Sources */ = {isa = PBXBuildFile; fileRef = A2BE9C6C2889F5B600FC2038 /* SceneDelegate.swift */; };
		A2BE9C6F2889F5B600FC2038 /* ViewController.swift in Sources */ = {isa = PBXBuildFile; fileRef = A2BE9C6E2889F5B600FC2038 /* ViewController.swift */; };
		A2BE9C722889F5B600FC2038 /* Main.storyboard in Resources */ = {isa = PBXBuildFile; fileRef = A2BE9C702889F5B600FC2038 /* Main.storyboard */; };
		A2BE9C742889F5B600FC2038 /* Assets.xcassets in Resources */ = {isa = PBXBuildFile; fileRef = A2BE9C732889F5B600FC2038 /* Assets.xcassets */; };
		A2BE9C772889F5B600FC2038 /* LaunchScreen.storyboard in Resources */ = {isa = PBXBuildFile; fileRef = A2BE9C752889F5B600FC2038 /* LaunchScreen.storyboard */; };
		A2BE9C822889F5B600FC2038 /* CatchTHeKennyProjectTests.swift in Sources */ = {isa = PBXBuildFile; fileRef = A2BE9C812889F5B600FC2038 /* CatchTHeKennyProjectTests.swift */; };
		A2BE9C8C2889F5B600FC2038 /* CatchTHeKennyProjectUITests.swift in Sources */ = {isa = PBXBuildFile; fileRef = A2BE9C8B2889F5B600FC2038 /* CatchTHeKennyProjectUITests.swift */; };
		A2BE9C8E2889F5B600FC2038 /* CatchTHeKennyProjectUITestsLaunchTests.swift in Sources */ = {isa = PBXBuildFile; fileRef = A2BE9C8D2889F5B600FC2038 /* CatchTHeKennyProjectUITestsLaunchTests.swift */; };
/* End PBXBuildFile section */

/* Begin PBXContainerItemProxy section */
		A2BE9C7E2889F5B600FC2038 /* PBXContainerItemProxy */ = {
			isa = PBXContainerItemProxy;
			containerPortal = A2BE9C5F2889F5B500FC2038 /* Project object */;
			proxyType = 1;
			remoteGlobalIDString = A2BE9C662889F5B600FC2038;
			remoteInfo = CatchTHeKennyProject;
		};
		A2BE9C882889F5B600FC2038 /* PBXContainerItemProxy */ = {
			isa = PBXContainerItemProxy;
			containerPortal = A2BE9C5F2889F5B500FC2038 /* Project object */;
			proxyType = 1;
			remoteGlobalIDString = A2BE9C662889F5B600FC2038;
			remoteInfo = CatchTHeKennyProject;
		};
/* End PBXContainerItemProxy section */

/* Begin PBXFileReference section */
		A2BE9C672889F5B600FC2038 /* CatchTHeKennyProject.app */ = {isa = PBXFileReference; explicitFileType = wrapper.application; includeInIndex = 0; path = CatchTHeKennyProject.app; sourceTree = BUILT_PRODUCTS_DIR; };
		A2BE9C6A2889F5B600FC2038 /* AppDelegate.swift */ = {isa = PBXFileReference; lastKnownFileType = sourcecode.swift; path = AppDelegate.swift; sourceTree = "<group>"; };
		A2BE9C6C2889F5B600FC2038 /* SceneDelegate.swift */ = {isa = PBXFileReference; lastKnownFileType = sourcecode.swift; path = SceneDelegate.swift; sourceTree = "<group>"; };
		A2BE9C6E2889F5B600FC2038 /* ViewController.swift */ = {isa = PBXFileReference; lastKnownFileType = sourcecode.swift; path = ViewController.swift; sourceTree = "<group>"; };
		A2BE9C712889F5B600FC2038 /* Base */ = {isa = PBXFileReference; lastKnownFileType = file.storyboard; name = Base; path = Base.lproj/Main.storyboard; sourceTree = "<group>"; };
		A2BE9C732889F5B600FC2038 /* Assets.xcassets */ = {isa = PBXFileReference; lastKnownFileType = folder.assetcatalog; path = Assets.xcassets; sourceTree = "<group>"; };
		A2BE9C762889F5B600FC2038 /* Base */ = {isa = PBXFileReference; lastKnownFileType = file.storyboard; name = Base; path = Base.lproj/LaunchScreen.storyboard; sourceTree = "<group>"; };
		A2BE9C782889F5B600FC2038 /* Info.plist */ = {isa = PBXFileReference; lastKnownFileType = text.plist.xml; path = Info.plist; sourceTree = "<group>"; };
		A2BE9C7D2889F5B600FC2038 /* CatchTHeKennyProjectTests.xctest */ = {isa = PBXFileReference; explicitFileType = wrapper.cfbundle; includeInIndex = 0; path = CatchTHeKennyProjectTests.xctest; sourceTree = BUILT_PRODUCTS_DIR; };
		A2BE9C812889F5B600FC2038 /* CatchTHeKennyProjectTests.swift */ = {isa = PBXFileReference; lastKnownFileType = sourcecode.swift; path = CatchTHeKennyProjectTests.swift; sourceTree = "<group>"; };
		A2BE9C872889F5B600FC2038 /* CatchTHeKennyProjectUITests.xctest */ = {isa = PBXFileReference; explicitFileType = wrapper.cfbundle; includeInIndex = 0; path = CatchTHeKennyProjectUITests.xctest; sourceTree = BUILT_PRODUCTS_DIR; };
		A2BE9C8B2889F5B600FC2038 /* CatchTHeKennyProjectUITests.swift */ = {isa = PBXFileReference; lastKnownFileType = sourcecode.swift; path = CatchTHeKennyProjectUITests.swift; sourceTree = "<group>"; };
		A2BE9C8D2889F5B600FC2038 /* CatchTHeKennyProjectUITestsLaunchTests.swift */ = {isa = PBXFileReference; lastKnownFileType = sourcecode.swift; path = CatchTHeKennyProjectUITestsLaunchTests.swift; sourceTree = "<group>"; };
/* End PBXFileReference section */

/* Begin PBXFrameworksBuildPhase section */
		A2BE9C642889F5B600FC2038 /* Frameworks */ = {
			isa = PBXFrameworksBuildPhase;
			buildActionMask = 2147483647;
			files = (
			);
			runOnlyForDeploymentPostprocessing = 0;
		};
		A2BE9C7A2889F5B600FC2038 /* Frameworks */ = {
			isa = PBXFrameworksBuildPhase;
			buildActionMask = 2147483647;
			files = (
			);
			runOnlyForDeploymentPostprocessing = 0;
		};
		A2BE9C842889F5B600FC2038 /* Frameworks */ = {
			isa = PBXFrameworksBuildPhase;
			buildActionMask = 2147483647;
			files = (
			);
			runOnlyForDeploymentPostprocessing = 0;
		};
/* End PBXFrameworksBuildPhase section */

/* Begin PBXGroup section */
		A2BE9C5E2889F5B500FC2038 = {
			isa = PBXGroup;
			children = (
				A2BE9C692889F5B600FC2038 /* CatchTHeKennyProject */,
				A2BE9C802889F5B600FC2038 /* CatchTHeKennyProjectTests */,
				A2BE9C8A2889F5B600FC2038 /* CatchTHeKennyProjectUITests */,
				A2BE9C682889F5B600FC2038 /* Products */,
			);
			sourceTree = "<group>";
		};
		A2BE9C682889F5B600FC2038 /* Products */ = {
			isa = PBXGroup;
			children = (
				A2BE9C672889F5B600FC2038 /* CatchTHeKennyProject.app */,
				A2BE9C7D2889F5B600FC2038 /* CatchTHeKennyProjectTests.xctest */,
				A2BE9C872889F5B600FC2038 /* CatchTHeKennyProjectUITests.xctest */,
			);
			name = Products;
			sourceTree = "<group>";
		};
		A2BE9C692889F5B600FC2038 /* CatchTHeKennyProject */ = {
			isa = PBXGroup;
			children = (
				A2BE9C6A2889F5B600FC2038 /* AppDelegate.swift */,
				A2BE9C6C2889F5B600FC2038 /* SceneDelegate.swift */,
				A2BE9C6E2889F5B600FC2038 /* ViewController.swift */,
				A2BE9C702889F5B600FC2038 /* Main.storyboard */,
				A2BE9C732889F5B600FC2038 /* Assets.xcassets */,
				A2BE9C752889F5B600FC2038 /* LaunchScreen.storyboard */,
				A2BE9C782889F5B600FC2038 /* Info.plist */,
			);
			path = CatchTHeKennyProject;
			sourceTree = "<group>";
		};
		A2BE9C802889F5B600FC2038 /* CatchTHeKennyProjectTests */ = {
			isa = PBXGroup;
			children = (
				A2BE9C812889F5B600FC2038 /* CatchTHeKennyProjectTests.swift */,
			);
			path = CatchTHeKennyProjectTests;
			sourceTree = "<group>";
		};
		A2BE9C8A2889F5B600FC2038 /* CatchTHeKennyProjectUITests */ = {
			isa = PBXGroup;
			children = (
				A2BE9C8B2889F5B600FC2038 /* CatchTHeKennyProjectUITests.swift */,
				A2BE9C8D2889F5B600FC2038 /* CatchTHeKennyProjectUITestsLaunchTests.swift */,
			);
			path = CatchTHeKennyProjectUITests;
			sourceTree = "<group>";
		};
/* End PBXGroup section */

/* Begin PBXNativeTarget section */
		A2BE9C662889F5B600FC2038 /* CatchTHeKennyProject */ = {
			isa = PBXNativeTarget;
			buildConfigurationList = A2BE9C912889F5B600FC2038 /* Build configuration list for PBXNativeTarget "CatchTHeKennyProject" */;
			buildPhases = (
				A2BE9C632889F5B600FC2038 /* Sources */,
				A2BE9C642889F5B600FC2038 /* Frameworks */,
				A2BE9C652889F5B600FC2038 /* Resources */,
			);
			buildRules = (
			);
			dependencies = (
			);
			name = CatchTHeKennyProject;
			productName = CatchTHeKennyProject;
			productReference = A2BE9C672889F5B600FC2038 /* CatchTHeKennyProject.app */;
			productType = "com.apple.product-type.application";
		};
		A2BE9C7C2889F5B600FC2038 /* CatchTHeKennyProjectTests */ = {
			isa = PBXNativeTarget;
			buildConfigurationList = A2BE9C942889F5B600FC2038 /* Build configuration list for PBXNativeTarget "CatchTHeKennyProjectTests" */;
			buildPhases = (
				A2BE9C792889F5B600FC2038 /* Sources */,
				A2BE9C7A2889F5B600FC2038 /* Frameworks */,
				A2BE9C7B2889F5B600FC2038 /* Resources */,
			);
			buildRules = (
			);
			dependencies = (
				A2BE9C7F2889F5B600FC2038 /* PBXTargetDependency */,
			);
			name = CatchTHeKennyProjectTests;
			productName = CatchTHeKennyProjectTests;
			productReference = A2BE9C7D2889F5B600FC2038 /* CatchTHeKennyProjectTests.xctest */;
			productType = "com.apple.product-type.bundle.unit-test";
		};
		A2BE9C862889F5B600FC2038 /* CatchTHeKennyProjectUITests */ = {
			isa = PBXNativeTarget;
			buildConfigurationList = A2BE9C972889F5B600FC2038 /* Build configuration list for PBXNativeTarget "CatchTHeKennyProjectUITests" */;
			buildPhases = (
				A2BE9C832889F5B600FC2038 /* Sources */,
				A2BE9C842889F5B600FC2038 /* Frameworks */,
				A2BE9C852889F5B600FC2038 /* Resources */,
			);
			buildRules = (
			);
			dependencies = (
				A2BE9C892889F5B600FC2038 /* PBXTargetDependency */,
			);
			name = CatchTHeKennyProjectUITests;
			productName = CatchTHeKennyProjectUITests;
			productReference = A2BE9C872889F5B600FC2038 /* CatchTHeKennyProjectUITests.xctest */;
			productType = "com.apple.product-type.bundle.ui-testing";
		};
/* End PBXNativeTarget section */

/* Begin PBXProject section */
		A2BE9C5F2889F5B500FC2038 /* Project object */ = {
			isa = PBXProject;
			attributes = {
				BuildIndependentTargetsInParallel = 1;
				LastSwiftUpdateCheck = 1340;
				LastUpgradeCheck = 1340;
				TargetAttributes = {
					A2BE9C662889F5B600FC2038 = {
						CreatedOnToolsVersion = 13.4.1;
					};
					A2BE9C7C2889F5B600FC2038 = {
						CreatedOnToolsVersion = 13.4.1;
						TestTargetID = A2BE9C662889F5B600FC2038;
					};
					A2BE9C862889F5B600FC2038 = {
						CreatedOnToolsVersion = 13.4.1;
						TestTargetID = A2BE9C662889F5B600FC2038;
					};
				};
			};
			buildConfigurationList = A2BE9C622889F5B500FC2038 /* Build configuration list for PBXProject "CatchTHeKennyProject" */;
			compatibilityVersion = "Xcode 13.0";
			developmentRegion = en;
			hasScannedForEncodings = 0;
			knownRegions = (
				en,
				Base,
			);
			mainGroup = A2BE9C5E2889F5B500FC2038;
			productRefGroup = A2BE9C682889F5B600FC2038 /* Products */;
			projectDirPath = "";
			projectRoot = "";
			targets = (
				A2BE9C662889F5B600FC2038 /* CatchTHeKennyProject */,
				A2BE9C7C2889F5B600FC2038 /* CatchTHeKennyProjectTests */,
				A2BE9C862889F5B600FC2038 /* CatchTHeKennyProjectUITests */,
			);
		};
/* End PBXProject section */

/* Begin PBXResourcesBuildPhase section */
		A2BE9C652889F5B600FC2038 /* Resources */ = {
			isa = PBXResourcesBuildPhase;
			buildActionMask = 2147483647;
			files = (
				A2BE9C772889F5B600FC2038 /* LaunchScreen.storyboard in Resources */,
				A2BE9C742889F5B600FC2038 /* Assets.xcassets in Resources */,
				A2BE9C722889F5B600FC2038 /* Main.storyboard in Resources */,
			);
			runOnlyForDeploymentPostprocessing = 0;
		};
		A2BE9C7B2889F5B600FC2038 /* Resources */ = {
			isa = PBXResourcesBuildPhase;
			buildActionMask = 2147483647;
			files = (
			);
			runOnlyForDeploymentPostprocessing = 0;
		};
		A2BE9C852889F5B600FC2038 /* Resources */ = {
			isa = PBXResourcesBuildPhase;
			buildActionMask = 2147483647;
			files = (
			);
			runOnlyForDeploymentPostprocessing = 0;
		};
/* End PBXResourcesBuildPhase section */

/* Begin PBXSourcesBuildPhase section */
		A2BE9C632889F5B600FC2038 /* Sources */ = {
			isa = PBXSourcesBuildPhase;
			buildActionMask = 2147483647;
			files = (
				A2BE9C6F2889F5B600FC2038 /* ViewController.swift in Sources */,
				A2BE9C6B2889F5B600FC2038 /* AppDelegate.swift in Sources */,
				A2BE9C6D2889F5B600FC2038 /* SceneDelegate.swift in Sources */,
			);
			runOnlyForDeploymentPostprocessing = 0;
		};
		A2BE9C792889F5B600FC2038 /* Sources */ = {
			isa = PBXSourcesBuildPhase;
			buildActionMask = 2147483647;
			files = (
				A2BE9C822889F5B600FC2038 /* CatchTHeKennyProjectTests.swift in Sources */,
			);
			runOnlyForDeploymentPostprocessing = 0;
		};
		A2BE9C832889F5B600FC2038 /* Sources */ = {
			isa = PBXSourcesBuildPhase;
			buildActionMask = 2147483647;
			files = (
				A2BE9C8E2889F5B600FC2038 /* CatchTHeKennyProjectUITestsLaunchTests.swift in Sources */,
				A2BE9C8C2889F5B600FC2038 /* CatchTHeKennyProjectUITests.swift in Sources */,
			);
			runOnlyForDeploymentPostprocessing = 0;
		};
/* End PBXSourcesBuildPhase section */

/* Begin PBXTargetDependency section */
		A2BE9C7F2889F5B600FC2038 /* PBXTargetDependency */ = {
			isa = PBXTargetDependency;
			target = A2BE9C662889F5B600FC2038 /* CatchTHeKennyProject */;
			targetProxy = A2BE9C7E2889F5B600FC2038 /* PBXContainerItemProxy */;
		};
		A2BE9C892889F5B600FC2038 /* PBXTargetDependency */ = {
			isa = PBXTargetDependency;
			target = A2BE9C662889F5B600FC2038 /* CatchTHeKennyProject */;
			targetProxy = A2BE9C882889F5B600FC2038 /* PBXContainerItemProxy */;
		};
/* End PBXTargetDependency section */

/* Begin PBXVariantGroup section */
		A2BE9C702889F5B600FC2038 /* Main.storyboard */ = {
			isa = PBXVariantGroup;
			children = (
				A2BE9C712889F5B600FC2038 /* Base */,
			);
			name = Main.storyboard;
			sourceTree = "<group>";
		};
		A2BE9C752889F5B600FC2038 /* LaunchScreen.storyboard */ = {
			isa = PBXVariantGroup;
			children = (
				A2BE9C762889F5B600FC2038 /* Base */,
			);
			name = LaunchScreen.storyboard;
			sourceTree = "<group>";
		};
/* End PBXVariantGroup section */

/* Begin XCBuildConfiguration section */
		A2BE9C8F2889F5B600FC2038 /* Debug */ = {
			isa = XCBuildConfiguration;
			buildSettings = {
				ALWAYS_SEARCH_USER_PATHS = NO;
				CLANG_ANALYZER_NONNULL = YES;
				CLANG_ANALYZER_NUMBER_OBJECT_CONVERSION = YES_AGGRESSIVE;
				CLANG_CXX_LANGUAGE_STANDARD = "gnu++17";
				CLANG_ENABLE_MODULES = YES;
				CLANG_ENABLE_OBJC_ARC = YES;
				CLANG_ENABLE_OBJC_WEAK = YES;
				CLANG_WARN_BLOCK_CAPTURE_AUTORELEASING = YES;
				CLANG_WARN_BOOL_CONVERSION = YES;
				CLANG_WARN_COMMA = YES;
				CLANG_WARN_CONSTANT_CONVERSION = YES;
				CLANG_WARN_DEPRECATED_OBJC_IMPLEMENTATIONS = YES;
				CLANG_WARN_DIRECT_OBJC_ISA_USAGE = YES_ERROR;
				CLANG_WARN_DOCUMENTATION_COMMENTS = YES;
				CLANG_WARN_EMPTY_BODY = YES;
				CLANG_WARN_ENUM_CONVERSION = YES;
				CLANG_WARN_INFINITE_RECURSION = YES;
				CLANG_WARN_INT_CONVERSION = YES;
				CLANG_WARN_NON_LITERAL_NULL_CONVERSION = YES;
				CLANG_WARN_OBJC_IMPLICIT_RETAIN_SELF = YES;
				CLANG_WARN_OBJC_LITERAL_CONVERSION = YES;
				CLANG_WARN_OBJC_ROOT_CLASS = YES_ERROR;
				CLANG_WARN_QUOTED_INCLUDE_IN_FRAMEWORK_HEADER = YES;
				CLANG_WARN_RANGE_LOOP_ANALYSIS = YES;
				CLANG_WARN_STRICT_PROTOTYPES = YES;
				CLANG_WARN_SUSPICIOUS_MOVE = YES;
				CLANG_WARN_UNGUARDED_AVAILABILITY = YES_AGGRESSIVE;
				CLANG_WARN_UNREACHABLE_CODE = YES;
				CLANG_WARN__DUPLICATE_METHOD_MATCH = YES;
				COPY_PHASE_STRIP = NO;
				DEBUG_INFORMATION_FORMAT = dwarf;
				ENABLE_STRICT_OBJC_MSGSEND = YES;
				ENABLE_TESTABILITY = YES;
				GCC_C_LANGUAGE_STANDARD = gnu11;
				GCC_DYNAMIC_NO_PIC = NO;
				GCC_NO_COMMON_BLOCKS = YES;
				GCC_OPTIMIZATION_LEVEL = 0;
				GCC_PREPROCESSOR_DEFINITIONS = (
					"DEBUG=1",
					"$(inherited)",
				);
				GCC_WARN_64_TO_32_BIT_CONVERSION = YES;
				GCC_WARN_ABOUT_RETURN_TYPE = YES_ERROR;
				GCC_WARN_UNDECLARED_SELECTOR = YES;
				GCC_WARN_UNINITIALIZED_AUTOS = YES_AGGRESSIVE;
				GCC_WARN_UNUSED_FUNCTION = YES;
				GCC_WARN_UNUSED_VARIABLE = YES;
				IPHONEOS_DEPLOYMENT_TARGET = 15.5;
				MTL_ENABLE_DEBUG_INFO = INCLUDE_SOURCE;
				MTL_FAST_MATH = YES;
				ONLY_ACTIVE_ARCH = YES;
				SDKROOT = iphoneos;
				SWIFT_ACTIVE_COMPILATION_CONDITIONS = DEBUG;
				SWIFT_OPTIMIZATION_LEVEL = "-Onone";
			};
			name = Debug;
		};
		A2BE9C902889F5B600FC2038 /* Release */ = {
			isa = XCBuildConfiguration;
			buildSettings = {
				ALWAYS_SEARCH_USER_PATHS = NO;
				CLANG_ANALYZER_NONNULL = YES;
				CLANG_ANALYZER_NUMBER_OBJECT_CONVERSION = YES_AGGRESSIVE;
				CLANG_CXX_LANGUAGE_STANDARD = "gnu++17";
				CLANG_ENABLE_MODULES = YES;
				CLANG_ENABLE_OBJC_ARC = YES;
				CLANG_ENABLE_OBJC_WEAK = YES;
				CLANG_WARN_BLOCK_CAPTURE_AUTORELEASING = YES;
				CLANG_WARN_BOOL_CONVERSION = YES;
				CLANG_WARN_COMMA = YES;
				CLANG_WARN_CONSTANT_CONVERSION = YES;
				CLANG_WARN_DEPRECATED_OBJC_IMPLEMENTATIONS = YES;
				CLANG_WARN_DIRECT_OBJC_ISA_USAGE = YES_ERROR;
				CLANG_WARN_DOCUMENTATION_COMMENTS = YES;
				CLANG_WARN_EMPTY_BODY = YES;
				CLANG_WARN_ENUM_CONVERSION = YES;
				CLANG_WARN_INFINITE_RECURSION = YES;
				CLANG_WARN_INT_CONVERSION = YES;
				CLANG_WARN_NON_LITERAL_NULL_CONVERSION = YES;
				CLANG_WARN_OBJC_IMPLICIT_RETAIN_SELF = YES;
				CLANG_WARN_OBJC_LITERAL_CONVERSION = YES;
				CLANG_WARN_OBJC_ROOT_CLASS = YES_ERROR;
				CLANG_WARN_QUOTED_INCLUDE_IN_FRAMEWORK_HEADER = YES;
				CLANG_WARN_RANGE_LOOP_ANALYSIS = YES;
				CLANG_WARN_STRICT_PROTOTYPES = YES;
				CLANG_WARN_SUSPICIOUS_MOVE = YES;
				CLANG_WARN_UNGUARDED_AVAILABILITY = YES_AGGRESSIVE;
				CLANG_WARN_UNREACHABLE_CODE = YES;
				CLANG_WARN__DUPLICATE_METHOD_MATCH = YES;
				COPY_PHASE_STRIP = NO;
				DEBUG_INFORMATION_FORMAT = "dwarf-with-dsym";
				ENABLE_NS_ASSERTIONS = NO;
				ENABLE_STRICT_OBJC_MSGSEND = YES;
				GCC_C_LANGUAGE_STANDARD = gnu11;
				GCC_NO_COMMON_BLOCKS = YES;
				GCC_WARN_64_TO_32_BIT_CONVERSION = YES;
				GCC_WARN_ABOUT_RETURN_TYPE = YES_ERROR;
				GCC_WARN_UNDECLARED_SELECTOR = YES;
				GCC_WARN_UNINITIALIZED_AUTOS = YES_AGGRESSIVE;
				GCC_WARN_UNUSED_FUNCTION = YES;
				GCC_WARN_UNUSED_VARIABLE = YES;
				IPHONEOS_DEPLOYMENT_TARGET = 15.5;
				MTL_ENABLE_DEBUG_INFO = NO;
				MTL_FAST_MATH = YES;
				SDKROOT = iphoneos;
				SWIFT_COMPILATION_MODE = wholemodule;
				SWIFT_OPTIMIZATION_LEVEL = "-O";
				VALIDATE_PRODUCT = YES;
			};
			name = Release;
		};
		A2BE9C922889F5B600FC2038 /* Debug */ = {
			isa = XCBuildConfiguration;
			buildSettings = {
				ASSETCATALOG_COMPILER_APPICON_NAME = AppIcon;
				ASSETCATALOG_COMPILER_GLOBAL_ACCENT_COLOR_NAME = AccentColor;
				CODE_SIGN_STYLE = Automatic;
				CURRENT_PROJECT_VERSION = 1;
				DEVELOPMENT_TEAM = 5W6RSR23V7;
				GENERATE_INFOPLIST_FILE = YES;
				INFOPLIST_FILE = CatchTHeKennyProject/Info.plist;
				INFOPLIST_KEY_UIApplicationSupportsIndirectInputEvents = YES;
				INFOPLIST_KEY_UILaunchStoryboardName = LaunchScreen;
				INFOPLIST_KEY_UIMainStoryboardFile = Main;
				INFOPLIST_KEY_UISupportedInterfaceOrientations_iPad = "UIInterfaceOrientationPortrait UIInterfaceOrientationPortraitUpsideDown UIInterfaceOrientationLandscapeLeft UIInterfaceOrientationLandscapeRight";
				INFOPLIST_KEY_UISupportedInterfaceOrientations_iPhone = "UIInterfaceOrientationPortrait UIInterfaceOrientationLandscapeLeft UIInterfaceOrientationLandscapeRight";
				LD_RUNPATH_SEARCH_PATHS = (
					"$(inherited)",
					"@executable_path/Frameworks",
				);
				MARKETING_VERSION = 1.0;
				PRODUCT_BUNDLE_IDENTIFIER = com.alperenkavuk.CatchTHeKennyProject;
				PRODUCT_NAME = "$(TARGET_NAME)";
				SWIFT_EMIT_LOC_STRINGS = YES;
				SWIFT_VERSION = 5.0;
				TARGETED_DEVICE_FAMILY = "1,2";
			};
			name = Debug;
		};
		A2BE9C932889F5B600FC2038 /* Release */ = {
			isa = XCBuildConfiguration;
			buildSettings = {
				ASSETCATALOG_COMPILER_APPICON_NAME = AppIcon;
				ASSETCATALOG_COMPILER_GLOBAL_ACCENT_COLOR_NAME = AccentColor;
				CODE_SIGN_STYLE = Automatic;
				CURRENT_PROJECT_VERSION = 1;
				DEVELOPMENT_TEAM = 5W6RSR23V7;
				GENERATE_INFOPLIST_FILE = YES;
				INFOPLIST_FILE = CatchTHeKennyProject/Info.plist;
				INFOPLIST_KEY_UIApplicationSupportsIndirectInputEvents = YES;
				INFOPLIST_KEY_UILaunchStoryboardName = LaunchScreen;
				INFOPLIST_KEY_UIMainStoryboardFile = Main;
				INFOPLIST_KEY_UISupportedInterfaceOrientations_iPad = "UIInterfaceOrientationPortrait UIInterfaceOrientationPortraitUpsideDown UIInterfaceOrientationLandscapeLeft UIInterfaceOrientationLandscapeRight";
				INFOPLIST_KEY_UISupportedInterfaceOrientations_iPhone = "UIInterfaceOrientationPortrait UIInterfaceOrientationLandscapeLeft UIInterfaceOrientationLandscapeRight";
				LD_RUNPATH_SEARCH_PATHS = (
					"$(inherited)",
					"@executable_path/Frameworks",
				);
				MARKETING_VERSION = 1.0;
				PRODUCT_BUNDLE_IDENTIFIER = com.alperenkavuk.CatchTHeKennyProject;
				PRODUCT_NAME = "$(TARGET_NAME)";
				SWIFT_EMIT_LOC_STRINGS = YES;
				SWIFT_VERSION = 5.0;
				TARGETED_DEVICE_FAMILY = "1,2";
			};
			name = Release;
		};
		A2BE9C952889F5B600FC2038 /* Debug */ = {
			isa = XCBuildConfiguration;
			buildSettings = {
				ALWAYS_EMBED_SWIFT_STANDARD_LIBRARIES = YES;
				BUNDLE_LOADER = "$(TEST_HOST)";
				CODE_SIGN_STYLE = Automatic;
				CURRENT_PROJECT_VERSION = 1;
				DEVELOPMENT_TEAM = 5W6RSR23V7;
				GENERATE_INFOPLIST_FILE = YES;
				IPHONEOS_DEPLOYMENT_TARGET = 15.5;
				MARKETING_VERSION = 1.0;
				PRODUCT_BUNDLE_IDENTIFIER = com.alperenkavuk.CatchTHeKennyProjectTests;
				PRODUCT_NAME = "$(TARGET_NAME)";
				SWIFT_EMIT_LOC_STRINGS = NO;
				SWIFT_VERSION = 5.0;
				TARGETED_DEVICE_FAMILY = "1,2";
				TEST_HOST = "$(BUILT_PRODUCTS_DIR)/CatchTHeKennyProject.app/CatchTHeKennyProject";
			};
			name = Debug;
		};
		A2BE9C962889F5B600FC2038 /* Release */ = {
			isa = XCBuildConfiguration;
			buildSettings = {
				ALWAYS_EMBED_SWIFT_STANDARD_LIBRARIES = YES;
				BUNDLE_LOADER = "$(TEST_HOST)";
				CODE_SIGN_STYLE = Automatic;
				CURRENT_PROJECT_VERSION = 1;
				DEVELOPMENT_TEAM = 5W6RSR23V7;
				GENERATE_INFOPLIST_FILE = YES;
				IPHONEOS_DEPLOYMENT_TARGET = 15.5;
				MARKETING_VERSION = 1.0;
				PRODUCT_BUNDLE_IDENTIFIER = com.alperenkavuk.CatchTHeKennyProjectTests;
				PRODUCT_NAME = "$(TARGET_NAME)";
				SWIFT_EMIT_LOC_STRINGS = NO;
				SWIFT_VERSION = 5.0;
				TARGETED_DEVICE_FAMILY = "1,2";
				TEST_HOST = "$(BUILT_PRODUCTS_DIR)/CatchTHeKennyProject.app/CatchTHeKennyProject";
			};
			name = Release;
		};
		A2BE9C982889F5B600FC2038 /* Debug */ = {
			isa = XCBuildConfiguration;
			buildSettings = {
				ALWAYS_EMBED_SWIFT_STANDARD_LIBRARIES = YES;
				CODE_SIGN_STYLE = Automatic;
				CURRENT_PROJECT_VERSION = 1;
				DEVELOPMENT_TEAM = 5W6RSR23V7;
				GENERATE_INFOPLIST_FILE = YES;
				MARKETING_VERSION = 1.0;
				PRODUCT_BUNDLE_IDENTIFIER = com.alperenkavuk.CatchTHeKennyProjectUITests;
				PRODUCT_NAME = "$(TARGET_NAME)";
				SWIFT_EMIT_LOC_STRINGS = NO;
				SWIFT_VERSION = 5.0;
				TARGETED_DEVICE_FAMILY = "1,2";
				TEST_TARGET_NAME = CatchTHeKennyProject;
			};
			name = Debug;
		};
		A2BE9C992889F5B600FC2038 /* Release */ = {
			isa = XCBuildConfiguration;
			buildSettings = {
				ALWAYS_EMBED_SWIFT_STANDARD_LIBRARIES = YES;
				CODE_SIGN_STYLE = Automatic;
				CURRENT_PROJECT_VERSION = 1;
				DEVELOPMENT_TEAM = 5W6RSR23V7;
				GENERATE_INFOPLIST_FILE = YES;
				MARKETING_VERSION = 1.0;
				PRODUCT_BUNDLE_IDENTIFIER = com.alperenkavuk.CatchTHeKennyProjectUITests;
				PRODUCT_NAME = "$(TARGET_NAME)";
				SWIFT_EMIT_LOC_STRINGS = NO;
				SWIFT_VERSION = 5.0;
				TARGETED_DEVICE_FAMILY = "1,2";
				TEST_TARGET_NAME = CatchTHeKennyProject;
			};
			name = Release;
		};
/* End XCBuildConfiguration section */

/* Begin XCConfigurationList section */
		A2BE9C622889F5B500FC2038 /* Build configuration list for PBXProject "CatchTHeKennyProject" */ = {
			isa = XCConfigurationList;
			buildConfigurations = (
				A2BE9C8F2889F5B600FC2038 /* Debug */,
				A2BE9C902889F5B600FC2038 /* Release */,
			);
			defaultConfigurationIsVisible = 0;
			defaultConfigurationName = Release;
		};
		A2BE9C912889F5B600FC2038 /* Build configuration list for PBXNativeTarget "CatchTHeKennyProject" */ = {
			isa = XCConfigurationList;
			buildConfigurations = (
				A2BE9C922889F5B600FC2038 /* Debug */,
				A2BE9C932889F5B600FC2038 /* Release */,
			);
			defaultConfigurationIsVisible = 0;
			defaultConfigurationName = Release;
		};
		A2BE9C942889F5B600FC2038 /* Build configuration list for PBXNativeTarget "CatchTHeKennyProjectTests" */ = {
			isa = XCConfigurationList;
			buildConfigurations = (
				A2BE9C952889F5B600FC2038 /* Debug */,
				A2BE9C962889F5B600FC2038 /* Release */,
			);
			defaultConfigurationIsVisible = 0;
			defaultConfigurationName = Release;
		};
		A2BE9C972889F5B600FC2038 /* Build configuration list for PBXNativeTarget "CatchTHeKennyProjectUITests" */ = {
			isa = XCConfigurationList;
			buildConfigurations = (
				A2BE9C982889F5B600FC2038 /* Debug */,
				A2BE9C992889F5B600FC2038 /* Release */,
			);
			defaultConfigurationIsVisible = 0;
			defaultConfigurationName = Release;
		};
/* End XCConfigurationList section */
	};
	rootObject = A2BE9C5F2889F5B500FC2038 /* Project object */;
}
